// !$*UTF8*$!
{
	archiveVersion = 1;
	classes = {
	};
	objectVersion = 50;
	objects = {

/* Begin PBXBuildFile section */
		840645852190C1DB006CE0FA /* TypesTableViewCell.swift in Sources */ = {isa = PBXBuildFile; fileRef = 840645842190C1DB006CE0FA /* TypesTableViewCell.swift */; };
		841BF11D2191BA5D00049CE7 /* WebViewController.swift in Sources */ = {isa = PBXBuildFile; fileRef = 841BF11C2191BA5D00049CE7 /* WebViewController.swift */; };
		84227146218F8D7A00403CA7 /* AppDelegate.swift in Sources */ = {isa = PBXBuildFile; fileRef = 84227145218F8D7A00403CA7 /* AppDelegate.swift */; };
		8422714B218F8D7A00403CA7 /* Main.storyboard in Resources */ = {isa = PBXBuildFile; fileRef = 84227149218F8D7A00403CA7 /* Main.storyboard */; };
		8422714D218F8D9900403CA7 /* Assets.xcassets in Resources */ = {isa = PBXBuildFile; fileRef = 8422714C218F8D9900403CA7 /* Assets.xcassets */; };
		84227150218F8D9900403CA7 /* LaunchScreen.storyboard in Resources */ = {isa = PBXBuildFile; fileRef = 8422714E218F8D9900403CA7 /* LaunchScreen.storyboard */; };
		844D7CAE2191A0EB00333B9F /* RacesTableViewController.swift in Sources */ = {isa = PBXBuildFile; fileRef = 844D7CAD2191A0EB00333B9F /* RacesTableViewController.swift */; };
		846ABCB02190654700FE1F45 /* Race.swift in Sources */ = {isa = PBXBuildFile; fileRef = 846ABCAC2190654600FE1F45 /* Race.swift */; };
		846ABCB12190654700FE1F45 /* pokedex.plist in Resources */ = {isa = PBXBuildFile; fileRef = 846ABCAD2190654600FE1F45 /* pokedex.plist */; };
		846ABCB22190654700FE1F45 /* PokedexModel.swift in Sources */ = {isa = PBXBuildFile; fileRef = 846ABCAE2190654700FE1F45 /* PokedexModel.swift */; };
		846ABCB32190654700FE1F45 /* Type.swift in Sources */ = {isa = PBXBuildFile; fileRef = 846ABCAF2190654700FE1F45 /* Type.swift */; };
		84FB94DB2190A48400EE1382 /* TypeTableViewController.swift in Sources */ = {isa = PBXBuildFile; fileRef = 84FB94DA2190A48400EE1382 /* TypeTableViewController.swift */; };
/* End PBXBuildFile section */

/* Begin PBXFileReference section */
		840645842190C1DB006CE0FA /* TypesTableViewCell.swift */ = {isa = PBXFileReference; lastKnownFileType = sourcecode.swift; path = TypesTableViewCell.swift; sourceTree = "<group>"; };
		841BF11C2191BA5D00049CE7 /* WebViewController.swift */ = {isa = PBXFileReference; lastKnownFileType = sourcecode.swift; path = WebViewController.swift; sourceTree = "<group>"; };
		84227142218F8D7A00403CA7 /* Pokedex.app */ = {isa = PBXFileReference; explicitFileType = wrapper.application; includeInIndex = 0; path = Pokedex.app; sourceTree = BUILT_PRODUCTS_DIR; };
		84227145218F8D7A00403CA7 /* AppDelegate.swift */ = {isa = PBXFileReference; lastKnownFileType = sourcecode.swift; path = AppDelegate.swift; sourceTree = "<group>"; };
		8422714A218F8D7A00403CA7 /* Base */ = {isa = PBXFileReference; lastKnownFileType = file.storyboard; name = Base; path = Base.lproj/Main.storyboard; sourceTree = "<group>"; };
		8422714C218F8D9900403CA7 /* Assets.xcassets */ = {isa = PBXFileReference; lastKnownFileType = folder.assetcatalog; path = Assets.xcassets; sourceTree = "<group>"; };
		8422714F218F8D9900403CA7 /* Base */ = {isa = PBXFileReference; lastKnownFileType = file.storyboard; name = Base; path = Base.lproj/LaunchScreen.storyboard; sourceTree = "<group>"; };
		84227151218F8D9900403CA7 /* Info.plist */ = {isa = PBXFileReference; lastKnownFileType = text.plist.xml; path = Info.plist; sourceTree = "<group>"; };
		844D7CAD2191A0EB00333B9F /* RacesTableViewController.swift */ = {isa = PBXFileReference; lastKnownFileType = sourcecode.swift; path = RacesTableViewController.swift; sourceTree = "<group>"; };
		846ABCAC2190654600FE1F45 /* Race.swift */ = {isa = PBXFileReference; fileEncoding = 4; lastKnownFileType = sourcecode.swift; path = Race.swift; sourceTree = "<group>"; };
		846ABCAD2190654600FE1F45 /* pokedex.plist */ = {isa = PBXFileReference; fileEncoding = 4; lastKnownFileType = text.plist.xml; path = pokedex.plist; sourceTree = "<group>"; };
		846ABCAE2190654700FE1F45 /* PokedexModel.swift */ = {isa = PBXFileReference; fileEncoding = 4; lastKnownFileType = sourcecode.swift; path = PokedexModel.swift; sourceTree = "<group>"; };
		846ABCAF2190654700FE1F45 /* Type.swift */ = {isa = PBXFileReference; fileEncoding = 4; lastKnownFileType = sourcecode.swift; path = Type.swift; sourceTree = "<group>"; };
		84FB94DA2190A48400EE1382 /* TypeTableViewController.swift */ = {isa = PBXFileReference; lastKnownFileType = sourcecode.swift; path = TypeTableViewController.swift; sourceTree = "<group>"; };
/* End PBXFileReference section */

/* Begin PBXFrameworksBuildPhase section */
		8422713F218F8D7A00403CA7 /* Frameworks */ = {
			isa = PBXFrameworksBuildPhase;
			buildActionMask = 2147483647;
			files = (
			);
			runOnlyForDeploymentPostprocessing = 0;
		};
/* End PBXFrameworksBuildPhase section */

/* Begin PBXGroup section */
		84227139218F8D7A00403CA7 = {
			isa = PBXGroup;
			children = (
				84227144218F8D7A00403CA7 /* Pokedex */,
				84227143218F8D7A00403CA7 /* Products */,
			);
			sourceTree = "<group>";
		};
		84227143218F8D7A00403CA7 /* Products */ = {
			isa = PBXGroup;
			children = (
				84227142218F8D7A00403CA7 /* Pokedex.app */,
			);
			name = Products;
			sourceTree = "<group>";
		};
		84227144218F8D7A00403CA7 /* Pokedex */ = {
			isa = PBXGroup;
			children = (
				846ABCAD2190654600FE1F45 /* pokedex.plist */,
				846ABCAE2190654700FE1F45 /* PokedexModel.swift */,
				846ABCAC2190654600FE1F45 /* Race.swift */,
				846ABCAF2190654700FE1F45 /* Type.swift */,
				84227145218F8D7A00403CA7 /* AppDelegate.swift */,
				84227149218F8D7A00403CA7 /* Main.storyboard */,
				8422714C218F8D9900403CA7 /* Assets.xcassets */,
				8422714E218F8D9900403CA7 /* LaunchScreen.storyboard */,
				84227151218F8D9900403CA7 /* Info.plist */,
				84FB94DA2190A48400EE1382 /* TypeTableViewController.swift */,
				840645842190C1DB006CE0FA /* TypesTableViewCell.swift */,
				844D7CAD2191A0EB00333B9F /* RacesTableViewController.swift */,
				841BF11C2191BA5D00049CE7 /* WebViewController.swift */,
			);
			path = Pokedex;
			sourceTree = "<group>";
		};
/* End PBXGroup section */

/* Begin PBXNativeTarget section */
		84227141218F8D7A00403CA7 /* Pokedex */ = {
			isa = PBXNativeTarget;
			buildConfigurationList = 84227154218F8D9900403CA7 /* Build configuration list for PBXNativeTarget "Pokedex" */;
			buildPhases = (
				8422713E218F8D7A00403CA7 /* Sources */,
				8422713F218F8D7A00403CA7 /* Frameworks */,
				84227140218F8D7A00403CA7 /* Resources */,
			);
			buildRules = (
			);
			dependencies = (
			);
			name = Pokedex;
			productName = Pokedex;
			productReference = 84227142218F8D7A00403CA7 /* Pokedex.app */;
			productType = "com.apple.product-type.application";
		};
/* End PBXNativeTarget section */

/* Begin PBXProject section */
		8422713A218F8D7A00403CA7 /* Project object */ = {
			isa = PBXProject;
			attributes = {
				LastSwiftUpdateCheck = 1000;
				LastUpgradeCheck = 1000;
				ORGANIZATIONNAME = JorgeTardio;
				TargetAttributes = {
					84227141218F8D7A00403CA7 = {
						CreatedOnToolsVersion = 10.0;
					};
				};
			};
			buildConfigurationList = 8422713D218F8D7A00403CA7 /* Build configuration list for PBXProject "Pokedex" */;
			compatibilityVersion = "Xcode 9.3";
			developmentRegion = en;
			hasScannedForEncodings = 0;
			knownRegions = (
				en,
				Base,
			);
			mainGroup = 84227139218F8D7A00403CA7;
			productRefGroup = 84227143218F8D7A00403CA7 /* Products */;
			projectDirPath = "";
			projectRoot = "";
			targets = (
				84227141218F8D7A00403CA7 /* Pokedex */,
			);
		};
/* End PBXProject section */

/* Begin PBXResourcesBuildPhase section */
		84227140218F8D7A00403CA7 /* Resources */ = {
			isa = PBXResourcesBuildPhase;
			buildActionMask = 2147483647;
			files = (
				84227150218F8D9900403CA7 /* LaunchScreen.storyboard in Resources */,
				8422714D218F8D9900403CA7 /* Assets.xcassets in Resources */,
				8422714B218F8D7A00403CA7 /* Main.storyboard in Resources */,
				846ABCB12190654700FE1F45 /* pokedex.plist in Resources */,
			);
			runOnlyForDeploymentPostprocessing = 0;
		};
/* End PBXResourcesBuildPhase section */

/* Begin PBXSourcesBuildPhase section */
		8422713E218F8D7A00403CA7 /* Sources */ = {
			isa = PBXSourcesBuildPhase;
			buildActionMask = 2147483647;
			files = (
				846ABCB32190654700FE1F45 /* Type.swift in Sources */,
				846ABCB02190654700FE1F45 /* Race.swift in Sources */,
				846ABCB22190654700FE1F45 /* PokedexModel.swift in Sources */,
				840645852190C1DB006CE0FA /* TypesTableViewCell.swift in Sources */,
				844D7CAE2191A0EB00333B9F /* RacesTableViewController.swift in Sources */,
				84227146218F8D7A00403CA7 /* AppDelegate.swift in Sources */,
				84FB94DB2190A48400EE1382 /* TypeTableViewController.swift in Sources */,
				841BF11D2191BA5D00049CE7 /* WebViewController.swift in Sources */,
			);
			runOnlyForDeploymentPostprocessing = 0;
		};
/* End PBXSourcesBuildPhase section */

/* Begin PBXVariantGroup section */
		84227149218F8D7A00403CA7 /* Main.storyboard */ = {
			isa = PBXVariantGroup;
			children = (
				8422714A218F8D7A00403CA7 /* Base */,
			);
			name = Main.storyboard;
			sourceTree = "<group>";
		};
		8422714E218F8D9900403CA7 /* LaunchScreen.storyboard */ = {
			isa = PBXVariantGroup;
			children = (
				8422714F218F8D9900403CA7 /* Base */,
			);
			name = LaunchScreen.storyboard;
			sourceTree = "<group>";
		};
/* End PBXVariantGroup section */

/* Begin XCBuildConfiguration section */
		84227152218F8D9900403CA7 /* Debug */ = {
			isa = XCBuildConfiguration;
			buildSettings = {
				ALWAYS_SEARCH_USER_PATHS = NO;
				CLANG_ANALYZER_NONNULL = YES;
				CLANG_ANALYZER_NUMBER_OBJECT_CONVERSION = YES_AGGRESSIVE;
				CLANG_CXX_LANGUAGE_STANDARD = "gnu++14";
				CLANG_CXX_LIBRARY = "libc++";
				CLANG_ENABLE_MODULES = YES;
				CLANG_ENABLE_OBJC_ARC = YES;
				CLANG_ENABLE_OBJC_WEAK = YES;
				CLANG_WARN_BLOCK_CAPTURE_AUTORELEASING = YES;
				CLANG_WARN_BOOL_CONVERSION = YES;
				CLANG_WARN_COMMA = YES;
				CLANG_WARN_CONSTANT_CONVERSION = YES;
				CLANG_WARN_DEPRECATED_OBJC_IMPLEMENTATIONS = YES;
				CLANG_WARN_DIRECT_OBJC_ISA_USAGE = YES_ERROR;
				CLANG_WARN_DOCUMENTATION_COMMENTS = YES;
				CLANG_WARN_EMPTY_BODY = YES;
				CLANG_WARN_ENUM_CONVERSION = YES;
				CLANG_WARN_INFINITE_RECURSION = YES;
				CLANG_WARN_INT_CONVERSION = YES;
				CLANG_WARN_NON_LITERAL_NULL_CONVERSION = YES;
				CLANG_WARN_OBJC_IMPLICIT_RETAIN_SELF = YES;
				CLANG_WARN_OBJC_LITERAL_CONVERSION = YES;
				CLANG_WARN_OBJC_ROOT_CLASS = YES_ERROR;
				CLANG_WARN_RANGE_LOOP_ANALYSIS = YES;
				CLANG_WARN_STRICT_PROTOTYPES = YES;
				CLANG_WARN_SUSPICIOUS_MOVE = YES;
				CLANG_WARN_UNGUARDED_AVAILABILITY = YES_AGGRESSIVE;
				CLANG_WARN_UNREACHABLE_CODE = YES;
				CLANG_WARN__DUPLICATE_METHOD_MATCH = YES;
				CODE_SIGN_IDENTITY = "iPhone Developer";
				COPY_PHASE_STRIP = NO;
				DEBUG_INFORMATION_FORMAT = dwarf;
				ENABLE_STRICT_OBJC_MSGSEND = YES;
				ENABLE_TESTABILITY = YES;
				GCC_C_LANGUAGE_STANDARD = gnu11;
				GCC_DYNAMIC_NO_PIC = NO;
				GCC_NO_COMMON_BLOCKS = YES;
				GCC_OPTIMIZATION_LEVEL = 0;
				GCC_PREPROCESSOR_DEFINITIONS = (
					"DEBUG=1",
					"$(inherited)",
				);
				GCC_WARN_64_TO_32_BIT_CONVERSION = YES;
				GCC_WARN_ABOUT_RETURN_TYPE = YES_ERROR;
				GCC_WARN_UNDECLARED_SELECTOR = YES;
				GCC_WARN_UNINITIALIZED_AUTOS = YES_AGGRESSIVE;
				GCC_WARN_UNUSED_FUNCTION = YES;
				GCC_WARN_UNUSED_VARIABLE = YES;
				IPHONEOS_DEPLOYMENT_TARGET = 12.0;
				MTL_ENABLE_DEBUG_INFO = INCLUDE_SOURCE;
				MTL_FAST_MATH = YES;
				ONLY_ACTIVE_ARCH = YES;
				SDKROOT = iphoneos;
				SWIFT_ACTIVE_COMPILATION_CONDITIONS = DEBUG;
				SWIFT_OPTIMIZATION_LEVEL = "-Onone";
			};
			name = Debug;
		};
		84227153218F8D9900403CA7 /* Release */ = {
			isa = XCBuildConfiguration;
			buildSettings = {
				ALWAYS_SEARCH_USER_PATHS = NO;
				CLANG_ANALYZER_NONNULL = YES;
				CLANG_ANALYZER_NUMBER_OBJECT_CONVERSION = YES_AGGRESSIVE;
				CLANG_CXX_LANGUAGE_STANDARD = "gnu++14";
				CLANG_CXX_LIBRARY = "libc++";
				CLANG_ENABLE_MODULES = YES;
				CLANG_ENABLE_OBJC_ARC = YES;
				CLANG_ENABLE_OBJC_WEAK = YES;
				CLANG_WARN_BLOCK_CAPTURE_AUTORELEASING = YES;
				CLANG_WARN_BOOL_CONVERSION = YES;
				CLANG_WARN_COMMA = YES;
				CLANG_WARN_CONSTANT_CONVERSION = YES;
				CLANG_WARN_DEPRECATED_OBJC_IMPLEMENTATIONS = YES;
				CLANG_WARN_DIRECT_OBJC_ISA_USAGE = YES_ERROR;
				CLANG_WARN_DOCUMENTATION_COMMENTS = YES;
				CLANG_WARN_EMPTY_BODY = YES;
				CLANG_WARN_ENUM_CONVERSION = YES;
				CLANG_WARN_INFINITE_RECURSION = YES;
				CLANG_WARN_INT_CONVERSION = YES;
				CLANG_WARN_NON_LITERAL_NULL_CONVERSION = YES;
				CLANG_WARN_OBJC_IMPLICIT_RETAIN_SELF = YES;
				CLANG_WARN_OBJC_LITERAL_CONVERSION = YES;
				CLANG_WARN_OBJC_ROOT_CLASS = YES_ERROR;
				CLANG_WARN_RANGE_LOOP_ANALYSIS = YES;
				CLANG_WARN_STRICT_PROTOTYPES = YES;
				CLANG_WARN_SUSPICIOUS_MOVE = YES;
				CLANG_WARN_UNGUARDED_AVAILABILITY = YES_AGGRESSIVE;
				CLANG_WARN_UNREACHABLE_CODE = YES;
				CLANG_WARN__DUPLICATE_METHOD_MATCH = YES;
				CODE_SIGN_IDENTITY = "iPhone Developer";
				COPY_PHASE_STRIP = NO;
				DEBUG_INFORMATION_FORMAT = "dwarf-with-dsym";
				ENABLE_NS_ASSERTIONS = NO;
				ENABLE_STRICT_OBJC_MSGSEND = YES;
				GCC_C_LANGUAGE_STANDARD = gnu11;
				GCC_NO_COMMON_BLOCKS = YES;
				GCC_WARN_64_TO_32_BIT_CONVERSION = YES;
				GCC_WARN_ABOUT_RETURN_TYPE = YES_ERROR;
				GCC_WARN_UNDECLARED_SELECTOR = YES;
				GCC_WARN_UNINITIALIZED_AUTOS = YES_AGGRESSIVE;
				GCC_WARN_UNUSED_FUNCTION = YES;
				GCC_WARN_UNUSED_VARIABLE = YES;
				IPHONEOS_DEPLOYMENT_TARGET = 12.0;
				MTL_ENABLE_DEBUG_INFO = NO;
				MTL_FAST_MATH = YES;
				SDKROOT = iphoneos;
				SWIFT_COMPILATION_MODE = wholemodule;
				SWIFT_OPTIMIZATION_LEVEL = "-O";
				VALIDATE_PRODUCT = YES;
			};
			name = Release;
		};
		84227155218F8D9900403CA7 /* Debug */ = {
			isa = XCBuildConfiguration;
			buildSettings = {
				ASSETCATALOG_COMPILER_APPICON_NAME = AppIcon;
				CODE_SIGN_STYLE = Automatic;
				INFOPLIST_FILE = Pokedex/Info.plist;
				LD_RUNPATH_SEARCH_PATHS = (
					"$(inherited)",
					"@executable_path/Frameworks",
				);
				PRODUCT_BUNDLE_IDENTIFIER = g820.Pokedex;
				PRODUCT_NAME = "$(TARGET_NAME)";
				SWIFT_VERSION = 4.2;
				TARGETED_DEVICE_FAMILY = "1,2";
			};
			name = Debug;
		};
		84227156218F8D9900403CA7 /* Release */ = {
			isa = XCBuildConfiguration;
			buildSettings = {
				ASSETCATALOG_COMPILER_APPICON_NAME = AppIcon;
				CODE_SIGN_STYLE = Automatic;
				INFOPLIST_FILE = Pokedex/Info.plist;
				LD_RUNPATH_SEARCH_PATHS = (
					"$(inherited)",
					"@executable_path/Frameworks",
				);
				PRODUCT_BUNDLE_IDENTIFIER = g820.Pokedex;
				PRODUCT_NAME = "$(TARGET_NAME)";
				SWIFT_VERSION = 4.2;
				TARGETED_DEVICE_FAMILY = "1,2";
			};
			name = Release;
		};
/* End XCBuildConfiguration section */

/* Begin XCConfigurationList section */
		8422713D218F8D7A00403CA7 /* Build configuration list for PBXProject "Pokedex" */ = {
			isa = XCConfigurationList;
			buildConfigurations = (
				84227152218F8D9900403CA7 /* Debug */,
				84227153218F8D9900403CA7 /* Release */,
			);
			defaultConfigurationIsVisible = 0;
			defaultConfigurationName = Release;
		};
		84227154218F8D9900403CA7 /* Build configuration list for PBXNativeTarget "Pokedex" */ = {
			isa = XCConfigurationList;
			buildConfigurations = (
				84227155218F8D9900403CA7 /* Debug */,
				84227156218F8D9900403CA7 /* Release */,
			);
			defaultConfigurationIsVisible = 0;
			defaultConfigurationName = Release;
		};
/* End XCConfigurationList section */
	};
	rootObject = 8422713A218F8D7A00403CA7 /* Project object */;
}
